
Microsoft Visual Studio Solution File, Format Version 12.00
# Visual Studio Version 17
VisualStudioVersion = 17.6.33815.320
MinimumVisualStudioVersion = 10.0.40219.1
Project("{2150E333-8FDC-42A3-9474-1A3956D46DE8}") = "FrontEnd", "FrontEnd", "{8BEE1C78-761D-4E8F-8DA1-3755C87F32E2}"
EndProject
Project("{2150E333-8FDC-42A3-9474-1A3956D46DE8}") = "Micro-Services", "Micro-Services", "{EDA53F52-9912-4A1D-A2EB-0DCE89ACEADF}"
EndProject
Project("{9A19103F-16F7-4668-BE54-9A1E7A4F7556}") = "Health_Man_Sys_FrontEnd", "Health_Man_Sys_FrontEnd\Health_Man_Sys_FrontEnd.csproj", "{8B6A3EE5-A7F3-4D88-B41F-29FDDECF03E0}"
EndProject
Project("{9A19103F-16F7-4668-BE54-9A1E7A4F7556}") = "AuthService", "AuthService\AuthService.csproj", "{D63906AE-1D8E-49E0-B8FB-7E4E27C6611F}"
EndProject
Project("{9A19103F-16F7-4668-BE54-9A1E7A4F7556}") = "Appointments", "Appointments\Appointments.csproj", "{A4F34B2F-6C14-4315-ADE8-940C24737178}"
EndProject
Project("{9A19103F-16F7-4668-BE54-9A1E7A4F7556}") = "Prescription", "Prescription Service\Prescription.csproj", "{6A6C19D7-3440-4E47-883C-16284A9F622D}"
EndProject
Project("{9A19103F-16F7-4668-BE54-9A1E7A4F7556}") = "Email", "Email\Email.csproj", "{3761B4C3-218A-471B-B2E7-0A8069A23A5C}"
EndProject
Project("{9A19103F-16F7-4668-BE54-9A1E7A4F7556}") = "RecordsManagement", "RecordsManagement\RecordsManagement.csproj", "{F11DF841-ECB0-49E8-90EE-BA24808E7923}"
EndProject
Project("{9A19103F-16F7-4668-BE54-9A1E7A4F7556}") = "ServiceBus", "ServiceBus\ServiceBus.csproj", "{B30CDBCA-9B49-41CC-B48C-5BFB0BFBD198}"
EndProject
Project("{9A19103F-16F7-4668-BE54-9A1E7A4F7556}") = "Feedback Service", "Feedback Service\Feedback Service.csproj", "{F31CA7DB-75CB-4476-B5A3-39DBCAD29F47}"
EndProject
Project("{FAE04EC0-301F-11D3-BF4B-00C04F79EFBC}") = "Hospital Service", "Hospital Service\Hospital Service.csproj", "{7B562786-1340-4451-A77F-9CC73EAC7109}"
EndProject
Project("{FAE04EC0-301F-11D3-BF4B-00C04F79EFBC}") = "DoctorApplication", "DoctorApplication\DoctorApplication.csproj", "{076AC22A-77AC-459B-A7C0-FAEB3B28762E}"
EndProject
Global
	GlobalSection(SolutionConfigurationPlatforms) = preSolution
		Debug|Any CPU = Debug|Any CPU
		Release|Any CPU = Release|Any CPU
	EndGlobalSection
	GlobalSection(ProjectConfigurationPlatforms) = postSolution
		{8B6A3EE5-A7F3-4D88-B41F-29FDDECF03E0}.Debug|Any CPU.ActiveCfg = Debug|Any CPU
		{8B6A3EE5-A7F3-4D88-B41F-29FDDECF03E0}.Debug|Any CPU.Build.0 = Debug|Any CPU
		{8B6A3EE5-A7F3-4D88-B41F-29FDDECF03E0}.Release|Any CPU.ActiveCfg = Release|Any CPU
		{8B6A3EE5-A7F3-4D88-B41F-29FDDECF03E0}.Release|Any CPU.Build.0 = Release|Any CPU
		{D63906AE-1D8E-49E0-B8FB-7E4E27C6611F}.Debug|Any CPU.ActiveCfg = Debug|Any CPU
		{D63906AE-1D8E-49E0-B8FB-7E4E27C6611F}.Debug|Any CPU.Build.0 = Debug|Any CPU
		{D63906AE-1D8E-49E0-B8FB-7E4E27C6611F}.Release|Any CPU.ActiveCfg = Release|Any CPU
		{D63906AE-1D8E-49E0-B8FB-7E4E27C6611F}.Release|Any CPU.Build.0 = Release|Any CPU
		{A4F34B2F-6C14-4315-ADE8-940C24737178}.Debug|Any CPU.ActiveCfg = Debug|Any CPU
		{A4F34B2F-6C14-4315-ADE8-940C24737178}.Debug|Any CPU.Build.0 = Debug|Any CPU
		{A4F34B2F-6C14-4315-ADE8-940C24737178}.Release|Any CPU.ActiveCfg = Release|Any CPU
		{A4F34B2F-6C14-4315-ADE8-940C24737178}.Release|Any CPU.Build.0 = Release|Any CPU
		{6A6C19D7-3440-4E47-883C-16284A9F622D}.Debug|Any CPU.ActiveCfg = Debug|Any CPU
		{6A6C19D7-3440-4E47-883C-16284A9F622D}.Debug|Any CPU.Build.0 = Debug|Any CPU
		{6A6C19D7-3440-4E47-883C-16284A9F622D}.Release|Any CPU.ActiveCfg = Release|Any CPU
		{6A6C19D7-3440-4E47-883C-16284A9F622D}.Release|Any CPU.Build.0 = Release|Any CPU
		{3761B4C3-218A-471B-B2E7-0A8069A23A5C}.Debug|Any CPU.ActiveCfg = Debug|Any CPU
		{3761B4C3-218A-471B-B2E7-0A8069A23A5C}.Debug|Any CPU.Build.0 = Debug|Any CPU
		{3761B4C3-218A-471B-B2E7-0A8069A23A5C}.Release|Any CPU.ActiveCfg = Release|Any CPU
		{3761B4C3-218A-471B-B2E7-0A8069A23A5C}.Release|Any CPU.Build.0 = Release|Any CPU
		{F11DF841-ECB0-49E8-90EE-BA24808E7923}.Debug|Any CPU.ActiveCfg = Debug|Any CPU
		{F11DF841-ECB0-49E8-90EE-BA24808E7923}.Debug|Any CPU.Build.0 = Debug|Any CPU
		{F11DF841-ECB0-49E8-90EE-BA24808E7923}.Release|Any CPU.ActiveCfg = Release|Any CPU
		{F11DF841-ECB0-49E8-90EE-BA24808E7923}.Release|Any CPU.Build.0 = Release|Any CPU
		{B30CDBCA-9B49-41CC-B48C-5BFB0BFBD198}.Debug|Any CPU.ActiveCfg = Debug|Any CPU
		{B30CDBCA-9B49-41CC-B48C-5BFB0BFBD198}.Debug|Any CPU.Build.0 = Debug|Any CPU
		{B30CDBCA-9B49-41CC-B48C-5BFB0BFBD198}.Release|Any CPU.ActiveCfg = Release|Any CPU
		{B30CDBCA-9B49-41CC-B48C-5BFB0BFBD198}.Release|Any CPU.Build.0 = Release|Any CPU
		{F31CA7DB-75CB-4476-B5A3-39DBCAD29F47}.Debug|Any CPU.ActiveCfg = Debug|Any CPU
		{F31CA7DB-75CB-4476-B5A3-39DBCAD29F47}.Debug|Any CPU.Build.0 = Debug|Any CPU
		{F31CA7DB-75CB-4476-B5A3-39DBCAD29F47}.Release|Any CPU.ActiveCfg = Release|Any CPU
		{F31CA7DB-75CB-4476-B5A3-39DBCAD29F47}.Release|Any CPU.Build.0 = Release|Any CPU
		{7B562786-1340-4451-A77F-9CC73EAC7109}.Debug|Any CPU.ActiveCfg = Debug|Any CPU
		{7B562786-1340-4451-A77F-9CC73EAC7109}.Debug|Any CPU.Build.0 = Debug|Any CPU
		{7B562786-1340-4451-A77F-9CC73EAC7109}.Release|Any CPU.ActiveCfg = Release|Any CPU
		{7B562786-1340-4451-A77F-9CC73EAC7109}.Release|Any CPU.Build.0 = Release|Any CPU
		{076AC22A-77AC-459B-A7C0-FAEB3B28762E}.Debug|Any CPU.ActiveCfg = Debug|Any CPU
		{076AC22A-77AC-459B-A7C0-FAEB3B28762E}.Debug|Any CPU.Build.0 = Debug|Any CPU
		{076AC22A-77AC-459B-A7C0-FAEB3B28762E}.Release|Any CPU.ActiveCfg = Release|Any CPU
		{076AC22A-77AC-459B-A7C0-FAEB3B28762E}.Release|Any CPU.Build.0 = Release|Any CPU
	EndGlobalSection
	GlobalSection(SolutionProperties) = preSolution
		HideSolutionNode = FALSE
	EndGlobalSection
	GlobalSection(NestedProjects) = preSolution
		{8B6A3EE5-A7F3-4D88-B41F-29FDDECF03E0} = {8BEE1C78-761D-4E8F-8DA1-3755C87F32E2}
		{D63906AE-1D8E-49E0-B8FB-7E4E27C6611F} = {EDA53F52-9912-4A1D-A2EB-0DCE89ACEADF}
		{A4F34B2F-6C14-4315-ADE8-940C24737178} = {EDA53F52-9912-4A1D-A2EB-0DCE89ACEADF}
		{6A6C19D7-3440-4E47-883C-16284A9F622D} = {EDA53F52-9912-4A1D-A2EB-0DCE89ACEADF}
		{3761B4C3-218A-471B-B2E7-0A8069A23A5C} = {EDA53F52-9912-4A1D-A2EB-0DCE89ACEADF}
		{F11DF841-ECB0-49E8-90EE-BA24808E7923} = {EDA53F52-9912-4A1D-A2EB-0DCE89ACEADF}
		{F31CA7DB-75CB-4476-B5A3-39DBCAD29F47} = {EDA53F52-9912-4A1D-A2EB-0DCE89ACEADF}
		{7B562786-1340-4451-A77F-9CC73EAC7109} = {EDA53F52-9912-4A1D-A2EB-0DCE89ACEADF}
		{076AC22A-77AC-459B-A7C0-FAEB3B28762E} = {EDA53F52-9912-4A1D-A2EB-0DCE89ACEADF}
	EndGlobalSection
	GlobalSection(ExtensibilityGlobals) = postSolution
		SolutionGuid = {9414EFDE-5997-4E7B-9BF1-A8FE5AEB80B1}
	EndGlobalSection
EndGlobal
